github.com/davecgh/go-spew v1.1.1 h1:vj9j/u1bqnvCEfJOwUhtlOARqs3+rkHYY13jYWTU97c=
github.com/davecgh/go-spew v1.1.1/go.mod h1:J7Y8YcW2NihsgmVo/mv3lAwl/skON4iLHjSsI+c5H38=
github.com/dgrijalva/jwt-go v3.2.0+incompatible h1:7qlOGliEKZXTDg6OTjfoBKDXWrumCAMpl/TFQ4/5kLM=
github.com/dgrijalva/jwt-go v3.2.0+incompatible/go.mod h1:E3ru+11k8xSBh+hMPgOLZmtrrCbhqsmaPHjLKYnJCaQ=
github.com/go-ldap/ldap v2.5.1+incompatible h1:Opaoft5zMW8IU/VRULB0eGMBQ9P5buRvCW6sFTRmMn8=
github.com/go-ldap/ldap v2.5.1+incompatible/go.mod h1:qfd9rJvER9Q0/D/Sqn1DfHRoBp40uXYvFoEVrNEPqRc=
github.com/gorilla/mux v1.6.2 h1:Pgr17XVTNXAk3q/r4CpKzC5xBM/qW1uVLV+IhRZpIIk=
github.com/gorilla/mux v1.6.2/go.mod h1:1lud6UwP+6orDFRuTfBEV8e9/aOM/c4fVVCaMa2zaAs=
github.com/gotk3/gotk3 v0.0.0-20181009192800-ac5a14d9e3ee h1:HYcoHcy+2YPznQwdGjly5GCVzQadCvstSnct8/UTvfY=
github.com/gotk3/gotk3 v0.0.0-20181009192800-ac5a14d9e3ee/go.mod h1:Eew3QBwAOBTrfFFDmsDE5wZWbcagBL1NUslj1GhRveo=
github.com/jinzhu/now v0.0.0-20180511015916-ed742868f2ae h1:8bBMcboXYVuo0WYH+rPe5mB8obO89a993hdTZ3phTjc=
github.com/jinzhu/now v0.0.0-20180511015916-ed742868f2ae/go.mod h1:oHTiXerJ20+SfYcrdlBO7rzZRJWGwSTQ0iUY2jI6Gfc=
github.com/juju/ratelimit v1.0.1 h1:+7AIFJVQ0EQgq/K9+0Krm7m530Du7tIz0METWzN0RgY=
github.com/juju/ratelimit v1.0.1/go.mod h1:qapgC/Gy+xNh9UxzV13HGGl/6UXNN+ct+vwSgWNm/qk=
github.com/lamg/clock v0.0.0-20171121192224-2d7688e38d68 h1:wYDvJn0ng7WsQELKqpgTEhDwK/7tzswA5dWfR1NufW8=
github.com/lamg/clock v0.0.0-20171121192224-2d7688e38d68/go.mod h1:MmxvSUdl4gXzw1nLIcWnPwVvQ7Gzj3btOUzcoaxVGhc=
github.com/lamg/ldaputil v0.0.0-20180322212749-08f7df8156d3 h1:yUfe5Djvp4uvBVTU5Hj9zCk78j0/UmKfCcTrCWhlibo=
github.com/lamg/ldaputil v0.0.0-20180322212749-08f7df8156d3/go.mod h1:9Pt0N5RUVETwTXQbAORB7G6ciXJJnznaETpsoqmud6U=
github.com/lamg/proxy v0.0.0-20180612214101-411f975d828d h1:Q2Jes8vu0OELqTkQZ0aZ1zYnyWR/2wjAf4gtsPd2anE=
github.com/lamg/proxy v0.0.0-20180612214101-411f975d828d/go.mod h1:GKqUwR6N6EGve3+Z9SRz9d5Clnggis6UO+U2hVeuGJM=
github.com/lamg/proxy v1.0.0 h1:UpiNi9UoFaFWtL67vnqmNjd9l8xFszgtJhABBzN1FRc=
github.com/lamg/proxy v1.0.0/go.mod h1:GKqUwR6N6EGve3+Z9SRz9d5Clnggis6UO+U2hVeuGJM=
github.com/lamg/proxy v1.0.1 h1:7jwh/h1fwen+1mNWVfjDGnJI6hQibOs16oyARxzPTuE=
github.com/lamg/proxy v1.0.1/go.mod h1:GKqUwR6N6EGve3+Z9SRz9d5Clnggis6UO+U2hVeuGJM=
github.com/lamg/proxy v1.0.2 h1:qsLf6MzBMoqZkaX0Hc4vvHKNv8mi16YRDdSuVaw3/yA=
github.com/lamg/proxy v1.0.2/go.mod h1:yJS9SSmOS6ZvE2AETH8ZefrxQiaVnmPH/bS5sWUW4Xk=
github.com/lamg/proxy v1.0.3-0.20180926202530-8bbf2e93c7f6 h1:Q41eW4DRqiOccPO60pwzSMe0IZ2/bRck34dOcluB+z4=
github.com/lamg/proxy v1.0.3-0.20180926202530-8bbf2e93c7f6/go.mod h1:yJS9SSmOS6ZvE2AETH8ZefrxQiaVnmPH/bS5sWUW4Xk=
github.com/lamg/proxy v1.1.0 h1:4nODPvaQDPS3QHuSVG06d8iYXBlqusclkbGXkTg6OD8=
github.com/lamg/proxy v1.1.0/go.mod h1:yJS9SSmOS6ZvE2AETH8ZefrxQiaVnmPH/bS5sWUW4Xk=
github.com/lamg/rtimespan v0.0.0-20180424213650-d080e6b03f95 h1:fer9Yd+KTDzI91c8umIb902Ss0TJMkFSShvkQIsRyPc=
github.com/lamg/rtimespan v0.0.0-20180424213650-d080e6b03f95/go.mod h1:CpJ+EaiAy6pO6Nzu1pi2hDUK3Q9bLeDPKLcHNpiNMKY=
github.com/pmezard/go-difflib v1.0.0 h1:4DBwDE0NGyQoBHbLQYPwSUPoCMWR5BEzIk/f1lZbAQM=
github.com/pmezard/go-difflib v1.0.0/go.mod h1:iKH77koFhYxTK1pcRnkKkqfTogsbg7gZNVY4sRDYZ/4=
github.com/spf13/afero v1.1.1 h1:Lt3ihYMlE+lreX1GS4Qw4ZsNpYQLxIXKBTEOXm3nt6I=
github.com/spf13/afero v1.1.1/go.mod h1:j4pytiNVoe2o6bmDsKpLACNPDBIoEAkihy7loJ1B0CQ=
github.com/stretchr/testify v1.2.2 h1:bSDNvY7ZPG5RlJ8otE/7V6gMiyenm9RtJ7IUVIAoJ1w=
github.com/stretchr/testify v1.2.2/go.mod h1:a8OnRcib4nhh0OaRAV+Yts87kKdq0PP7pXfy6kDkUVs=
golang.org/x/text v0.3.0 h1:g61tztE5qeGQ89tm6NTjjM9VPIm088od1l6aSorWRWg=
golang.org/x/text v0.3.0/go.mod h1:NqM8EUOU14njkJ3fqMW+pc6Ldnwhi/IjpwHt7yyuwOQ=
gopkg.in/asn1-ber.v1 v1.0.0-20170511165959-379148ca0225 h1:JBwmEvLfCqgPcIq8MjVMQxsF3LVL4XG/HH0qiG0+IFY=
gopkg.in/asn1-ber.v1 v1.0.0-20170511165959-379148ca0225/go.mod h1:cuepJuh7vyXfUyUwEgHQXw849cJrilpS5NeIjOWESAw=
gopkg.in/check.v1 v0.0.0-20161208181325-20d25e280405/go.mod h1:Co6ibVJAznAaIkqp8huTwlJQCZ016jof/cbN4VW5Yz0=
gopkg.in/yaml.v2 v2.2.1 h1:mUhvW9EsL+naU5Q3cakzfE91YhliOondGd6ZrsDBHQE=
gopkg.in/yaml.v2 v2.2.1/go.mod h1:hI93XBmqTisBFMUTm0b8Fm+jr3Dg1NNxqwp+5A1VGuI=
