github.com/AdhityaRamadhanus/fasthttpcors v0.0.0-20170121111917-d4c07198763a h1:XVdatQFSP2YhJGjqLLIfW8QBk4loz/SCe/PxkXDiW+s=
github.com/AdhityaRamadhanus/fasthttpcors v0.0.0-20170121111917-d4c07198763a/go.mod h1:C0A1KeiVHs+trY6gUTPhhGammbrZ30ZfXRW/nuT7HLw=
github.com/BurntSushi/toml v0.3.1 h1:WXkYYl6Yr3qBf1K79EBnL4mak0OimBfB0XUf9Vl28OQ=
github.com/BurntSushi/toml v0.3.1/go.mod h1:xHWCNGjB5oqiDr8zfno3MHue2Ht5sIBksp03qcyfWMU=
github.com/c2h5oh/datasize v0.0.0-20171227191756-4eba002a5eae h1:2Zmk+8cNvAGuY8AyvZuWpUdpQUAXwfom4ReVMe/CTIo=
github.com/c2h5oh/datasize v0.0.0-20171227191756-4eba002a5eae/go.mod h1:S/7n9copUssQ56c7aAgHqftWO4LTf4xY6CGWt8Bc+3M=
github.com/davecgh/go-spew v1.1.0/go.mod h1:J7Y8YcW2NihsgmVo/mv3lAwl/skON4iLHjSsI+c5H38=
github.com/davecgh/go-spew v1.1.1 h1:vj9j/u1bqnvCEfJOwUhtlOARqs3+rkHYY13jYWTU97c=
github.com/davecgh/go-spew v1.1.1/go.mod h1:J7Y8YcW2NihsgmVo/mv3lAwl/skON4iLHjSsI+c5H38=
github.com/dgrijalva/jwt-go v3.2.0+incompatible h1:7qlOGliEKZXTDg6OTjfoBKDXWrumCAMpl/TFQ4/5kLM=
github.com/dgrijalva/jwt-go v3.2.0+incompatible/go.mod h1:E3ru+11k8xSBh+hMPgOLZmtrrCbhqsmaPHjLKYnJCaQ=
github.com/go-ldap/ldap v2.5.1+incompatible h1:Opaoft5zMW8IU/VRULB0eGMBQ9P5buRvCW6sFTRmMn8=
github.com/go-ldap/ldap v2.5.1+incompatible/go.mod h1:qfd9rJvER9Q0/D/Sqn1DfHRoBp40uXYvFoEVrNEPqRc=
github.com/go-ldap/ldap v3.0.3+incompatible h1:HTeSZO8hWMS1Rgb2Ziku6b8a7qRIZZMHjsvuZyatzwk=
github.com/go-ldap/ldap v3.0.3+incompatible/go.mod h1:qfd9rJvER9Q0/D/Sqn1DfHRoBp40uXYvFoEVrNEPqRc=
github.com/klauspost/compress v1.4.0 h1:8nsMz3tWa9SWWPL60G1V6CUsf4lLjWLTNEtibhe8gh8=
github.com/klauspost/compress v1.4.0/go.mod h1:RyIbtBH6LamlWaDj8nUwkbUhJ87Yi3uG0guNDohfE1A=
github.com/klauspost/compress v1.5.0 h1:iDac0ZKbmSA4PRrRuXXjZL8C7UoJan8oBYxXkMzEQrI=
github.com/klauspost/compress v1.5.0/go.mod h1:RyIbtBH6LamlWaDj8nUwkbUhJ87Yi3uG0guNDohfE1A=
github.com/klauspost/compress v1.8.2 h1:Bx0qjetmNjdFXASH02NSAREKpiaDwkO1DRZ3dV2KCcs=
github.com/klauspost/compress v1.8.2/go.mod h1:RyIbtBH6LamlWaDj8nUwkbUhJ87Yi3uG0guNDohfE1A=
github.com/klauspost/compress v1.8.5 h1:2ucYeik+NtUTg+IAiNQtoFC5ZGs5mIVidI7Ome0Br3Y=
github.com/klauspost/compress v1.8.5/go.mod h1:RyIbtBH6LamlWaDj8nUwkbUhJ87Yi3uG0guNDohfE1A=
github.com/klauspost/cpuid v0.0.0-20180405133222-e7e905edc00e h1:+lIPJOWl+jSiJOc70QXJ07+2eg2Jy2EC7Mi11BWujeM=
github.com/klauspost/cpuid v0.0.0-20180405133222-e7e905edc00e/go.mod h1:Pj4uuM528wm8OyEC2QMXAi2YiTZ96dNQPGgoMS4s3ek=
github.com/klauspost/cpuid v1.2.1 h1:vJi+O/nMdFt0vqm8NZBI6wzALWdA2X+egi0ogNyrC/w=
github.com/klauspost/cpuid v1.2.1/go.mod h1:Pj4uuM528wm8OyEC2QMXAi2YiTZ96dNQPGgoMS4s3ek=
github.com/lamg/algorithms v0.0.0-20190516184438-e8502d0eb72f/go.mod h1:SylWanrIIx4eswypSEJExTnNNA4JP4ZCSCqEP1DoJEc=
github.com/lamg/algorithms v0.0.0-20190520212325-66184574b2d4 h1:ofC7luvIHqAq24TkjOA7AGttQo3gwPX37tWtYzYSBNA=
github.com/lamg/algorithms v0.0.0-20190520212325-66184574b2d4/go.mod h1:iJSRjK+JlnHSXVoTzxs1gEqyM9+pJ6eRD6yvUnAv3Yo=
github.com/lamg/ldaputil v0.1.0 h1:RRlvTehDJpRJkUNp/SgqxkXVXuWQgkUCb41L1VGAyFE=
github.com/lamg/ldaputil v0.1.0/go.mod h1:vK75itx8r1akJnkYLx1AnHXANBquFGTUErMH0ViZNic=
github.com/lamg/predicate v0.0.5-0.20190916230822-cc513a18ae03 h1:7kigFiY7V6uoU2D+GVuuGzdNghi9F4d4GLH7kHOzLsY=
github.com/lamg/predicate v0.0.5-0.20190916230822-cc513a18ae03/go.mod h1:R/HRfVjqYSm/Lj8scDRvhv6IpPqZTY34BqVdbiP664Y=
github.com/lamg/proxy v0.0.0-20190522175835-d3c807e5ff88 h1:cZXAuvGP7SVDz+1iUM5LCvlq8spz2FyO2Ma+nS6hbsY=
github.com/lamg/proxy v0.0.0-20190522175835-d3c807e5ff88/go.mod h1:O0JOMb+wqRBB5oaVVouFqP+V1TR30H3IswqWhCYU+bY=
github.com/lamg/proxy v1.2.0 h1:cymaapeaeZhGrOj7ZfonfHagNSOC1bfW8YDNBJ++7jg=
github.com/lamg/proxy v1.2.0/go.mod h1:yJS9SSmOS6ZvE2AETH8ZefrxQiaVnmPH/bS5sWUW4Xk=
github.com/lamg/proxy v1.2.1-0.20191002193127-24bb53826e98 h1:cDa3HmApKg3GGICpzQ86/uZlrj2hNFQs1Y7JCqNF/7w=
github.com/lamg/proxy v1.2.1-0.20191002193127-24bb53826e98/go.mod h1:LFuwcgNqQKV2JU+EsXsNQEhjsp9gV0jZ/InULR15jPU=
github.com/lamg/proxy v1.2.1-0.20191002204017-1bffd9ae6651 h1:agjYL0++ASGDwtQUZ8LHPNRDnhI9psOtbeiub0wR14Q=
github.com/lamg/proxy v1.2.1-0.20191002204017-1bffd9ae6651/go.mod h1:LFuwcgNqQKV2JU+EsXsNQEhjsp9gV0jZ/InULR15jPU=
github.com/lamg/proxy v1.2.1-0.20191002204459-3169b9d487dd h1:2cWL26dudXeC6bNdyyOPpxwafPovninhzoSNGoGR2mI=
github.com/lamg/proxy v1.2.1-0.20191002204459-3169b9d487dd/go.mod h1:LFuwcgNqQKV2JU+EsXsNQEhjsp9gV0jZ/InULR15jPU=
github.com/lamg/proxy v1.2.1-0.20191002210550-113ed2adc584 h1:Wy5supyIpH+NCF6zGOYQxlTRzaHM1EMxCeFf4+tdTUM=
github.com/lamg/proxy v1.2.1-0.20191002210550-113ed2adc584/go.mod h1:LFuwcgNqQKV2JU+EsXsNQEhjsp9gV0jZ/InULR15jPU=
github.com/lamg/proxy v1.2.1-0.20191002211631-01cb72272c5b h1:EZhctwzsK8orfISACbT996VAWCO4nG1hQkpKWSOaS3k=
github.com/lamg/proxy v1.2.1-0.20191002211631-01cb72272c5b/go.mod h1:LFuwcgNqQKV2JU+EsXsNQEhjsp9gV0jZ/InULR15jPU=
github.com/lamg/proxy v1.2.1-0.20191003185132-eb5593e6f2bf h1:jffH9ysNiBPS38Ul9SxHLPWNCJL+u0a01ZGVXU1iNyw=
github.com/lamg/proxy v1.2.1-0.20191003185132-eb5593e6f2bf/go.mod h1:LFuwcgNqQKV2JU+EsXsNQEhjsp9gV0jZ/InULR15jPU=
github.com/lamg/throttle v0.0.0-20190406185716-dcbf0403bb8f h1:g8FzCgiLckKe695REpNINfRFvK7fze5tjeBeUUOGBF0=
github.com/lamg/throttle v0.0.0-20190406185716-dcbf0403bb8f/go.mod h1:ccF76DNsUXw+Ju3r6CLNRF1Exuo04CcKmtINK97Um3Y=
github.com/pelletier/go-toml v1.4.0 h1:u3Z1r+oOXJIkxqw34zVhyPgjBsm6X2wn21NWs/HfSeg=
github.com/pelletier/go-toml v1.4.0/go.mod h1:PN7xzY2wHTK0K9p34ErDQMlFxa51Fk0OUruD3k1mMwo=
github.com/pmezard/go-difflib v1.0.0 h1:4DBwDE0NGyQoBHbLQYPwSUPoCMWR5BEzIk/f1lZbAQM=
github.com/pmezard/go-difflib v1.0.0/go.mod h1:iKH77koFhYxTK1pcRnkKkqfTogsbg7gZNVY4sRDYZ/4=
github.com/rs/cors v1.6.0 h1:G9tHG9lebljV9mfp9SNPDL36nCDxmo3zTlAf1YgvzmI=
github.com/rs/cors v1.6.0/go.mod h1:gFx+x8UowdsKA9AchylcLynDq+nNFfI8FkUZdN/jGCU=
github.com/spf13/afero v1.2.2 h1:5jhuqJyZCZf2JRofRvN/nIFgIWNzPa3/Vz8mYylgbWc=
github.com/spf13/afero v1.2.2/go.mod h1:9ZxEEn6pIJ8Rxe320qSDBk6AsU0r9pR7Q4OcevTdifk=
github.com/stretchr/objx v0.1.0/go.mod h1:HFkY916IF+rwdDfMAkV7OtwuqBVzrE8GR6GFx+wExME=
github.com/stretchr/testify v1.2.2/go.mod h1:a8OnRcib4nhh0OaRAV+Yts87kKdq0PP7pXfy6kDkUVs=
github.com/stretchr/testify v1.3.0 h1:TivCn/peBQ7UY8ooIcPgZFpTNSz0Q2U6UrFlUfqbe0Q=
github.com/stretchr/testify v1.3.0/go.mod h1:M5WIy9Dh21IEIfnGCwXGc5bZfKNJtfHm1UVUgZn+9EI=
github.com/urfave/cli v1.20.0 h1:fDqGv3UG/4jbVl/QkFwEdddtEDjh/5Ov6X+0B/3bPaw=
github.com/urfave/cli v1.20.0/go.mod h1:70zkFmudgCuE/ngEzBv17Jvp/497gISqfk5gWijbERA=
github.com/valyala/bytebufferpool v1.0.0 h1:GqA5TC/0021Y/b9FG4Oi9Mr3q7XYx6KllzawFIhcdPw=
github.com/valyala/bytebufferpool v1.0.0/go.mod h1:6bBcMArwyJ5K/AmCkWv1jt77kVWyCJ6HpOuEn7z0Csc=
github.com/valyala/fasthttp v1.1.0 h1:3BohG7mqwj4lq7PTX//7gLbUlzNvZSPmuHFnloXT0lw=
github.com/valyala/fasthttp v1.1.0/go.mod h1:4vX61m6KN+xDduDNwXrhIAVZaZaZiQ1luJk8LWSxF3s=
github.com/valyala/fasthttp v1.3.0 h1:++0WUtakkqBuHHY5JRFFl6O44I03XLBqxNnrBX0yH7Y=
github.com/valyala/fasthttp v1.3.0/go.mod h1:4vX61m6KN+xDduDNwXrhIAVZaZaZiQ1luJk8LWSxF3s=
github.com/valyala/fasthttp v1.5.0 h1:dhq+O9pmNZFF6qAXpasMO1xSm7dL4qEz2ylfZN8BG9w=
github.com/valyala/fasthttp v1.5.0/go.mod h1:eriCz9OhZjKCGfJ185a/IDgNl0bg9IbzfpcslMZXU1c=
github.com/valyala/tcplisten v0.0.0-20161114210144-ceec8f93295a/go.mod h1:v3UYOV9WzVtRmSR+PDvWpU/qWl4Wa5LApYYX4ZtKbio=
golang.org/x/crypto v0.0.0-20190308221718-c2843e01d9a2/go.mod h1:djNgcEr1/C05ACkg1iLfiJU5Ep61QUkGW8qpdssI0+w=
golang.org/x/net v0.0.0-20180911220305-26e67e76b6c3/go.mod h1:mL1N/T3taQHkDXs73rZJwtUhF3w3ftmwwsq0BUmARs4=
golang.org/x/net v0.0.0-20181213202711-891ebc4b82d6 h1:gT0Y6H7hbVPUtvtk0YGxMXPgN+p8fYlqWkgJeUCZcaQ=
golang.org/x/net v0.0.0-20181213202711-891ebc4b82d6/go.mod h1:mL1N/T3taQHkDXs73rZJwtUhF3w3ftmwwsq0BUmARs4=
golang.org/x/net v0.0.0-20190522155817-f3200d17e092 h1:4QSRKanuywn15aTZvI/mIDEgPQpswuFndXpOj3rKEco=
golang.org/x/net v0.0.0-20190522155817-f3200d17e092/go.mod h1:HSz+uSET+XFnRR8LxR5pz3Of3rY3CfYBVs4xY44aLks=
golang.org/x/net v0.0.0-20190827160401-ba9fcec4b297 h1:k7pJ2yAPLPgbskkFdhRCsA77k2fySZ1zf2zCjvQCiIM=
golang.org/x/net v0.0.0-20190827160401-ba9fcec4b297/go.mod h1:z5CRVTTTmAJ677TzLLGU+0bjPO0LkuOLi4/5GtJWs/s=
golang.org/x/net v0.0.0-20191002035440-2ec189313ef0 h1:2mqDk8w/o6UmeUCu5Qiq2y7iMf6anbx+YA8d1JFoFrs=
golang.org/x/net v0.0.0-20191002035440-2ec189313ef0/go.mod h1:z5CRVTTTmAJ677TzLLGU+0bjPO0LkuOLi4/5GtJWs/s=
golang.org/x/net v0.0.0-20191003171128-d98b1b443823 h1:Ypyv6BNJh07T1pUSrehkLemqPKXhus2MkfktJ91kRh4=
golang.org/x/net v0.0.0-20191003171128-d98b1b443823/go.mod h1:z5CRVTTTmAJ677TzLLGU+0bjPO0LkuOLi4/5GtJWs/s=
golang.org/x/sys v0.0.0-20190215142949-d0b11bdaac8a/go.mod h1:STP8DvDyc/dI5b8T5hshtkjS+E42TnysNCUPdjciGhY=
golang.org/x/text v0.3.0 h1:g61tztE5qeGQ89tm6NTjjM9VPIm088od1l6aSorWRWg=
golang.org/x/text v0.3.0/go.mod h1:NqM8EUOU14njkJ3fqMW+pc6Ldnwhi/IjpwHt7yyuwOQ=
golang.org/x/text v0.3.2 h1:tW2bmiBqwgJj/UpqtC8EpXEZVYOwU0yG4iWbprSVAcs=
golang.org/x/text v0.3.2/go.mod h1:bEr9sfX3Q8Zfm5fL9x+3itogRgK3+ptLWKqgva+5dAk=
golang.org/x/tools v0.0.0-20180917221912-90fa682c2a6e/go.mod h1:n7NCudcB/nEzxVGmLbDWY5pfWTLqBcC2KZ6jyYvM4mQ=
gopkg.in/asn1-ber.v1 v1.0.0-20181015200546-f715ec2f112d h1:TxyelI5cVkbREznMhfzycHdkp5cLA7DpE+GKjSslYhM=
gopkg.in/asn1-ber.v1 v1.0.0-20181015200546-f715ec2f112d/go.mod h1:cuepJuh7vyXfUyUwEgHQXw849cJrilpS5NeIjOWESAw=
gopkg.in/check.v1 v0.0.0-20161208181325-20d25e280405 h1:yhCVgyC4o1eVCa2tZl7eS0r+SDo693bJlVdllGtEeKM=
gopkg.in/check.v1 v0.0.0-20161208181325-20d25e280405/go.mod h1:Co6ibVJAznAaIkqp8huTwlJQCZ016jof/cbN4VW5Yz0=
gopkg.in/yaml.v2 v2.2.2 h1:ZCJp+EgiOT7lHqUV2J862kp8Qj64Jo6az82+3Td9dZw=
gopkg.in/yaml.v2 v2.2.2/go.mod h1:hI93XBmqTisBFMUTm0b8Fm+jr3Dg1NNxqwp+5A1VGuI=
